
Microsoft Visual Studio Solution File, Format Version 12.00
# Visual Studio Version 17
VisualStudioVersion = 17.7.34202.233
MinimumVisualStudioVersion = 10.0.40219.1
Project("{FAE04EC0-301F-11D3-BF4B-00C04F79EFBC}") = "CalculadoraSimples", "CalculadoraSimples.csproj", "{BB62AE8D-DB06-42EF-A739-17CC9442930D}"
EndProject
Global
	GlobalSection(SolutionConfigurationPlatforms) = preSolution
		Debug|Any CPU = Debug|Any CPU
		Release|Any CPU = Release|Any CPU
	EndGlobalSection
	GlobalSection(ProjectConfigurationPlatforms) = postSolution
		{BB62AE8D-DB06-42EF-A739-17CC9442930D}.Debug|Any CPU.ActiveCfg = Debug|Any CPU
		{BB62AE8D-DB06-42EF-A739-17CC9442930D}.Debug|Any CPU.Build.0 = Debug|Any CPU
		{BB62AE8D-DB06-42EF-A739-17CC9442930D}.Release|Any CPU.ActiveCfg = Release|Any CPU
		{BB62AE8D-DB06-42EF-A739-17CC9442930D}.Release|Any CPU.Build.0 = Release|Any CPU
	EndGlobalSection
	GlobalSection(SolutionProperties) = preSolution
		HideSolutionNode = FALSE
	EndGlobalSection
	GlobalSection(ExtensibilityGlobals) = postSolution
		SolutionGuid = {E5414665-BB37-4934-B98D-687363692AC0}
	EndGlobalSection
EndGlobal
